
Microsoft Visual Studio Solution File, Format Version 12.00
# Visual Studio Version 16
VisualStudioVersion = 16.0.30517.126
MinimumVisualStudioVersion = 10.0.40219.1
Project("{FAE04EC0-301F-11D3-BF4B-00C04F79EFBC}") = "NoteAppUI", "NoteAppUI\NoteAppUI.csproj", "{1C669038-2C93-46A0-9287-145B51425BC7}"
EndProject
Project("{9A19103F-16F7-4668-BE54-9A1E7A4F7556}") = "NoteApp", "NoteApp\NoteApp.csproj", "{75CEC626-5953-47CE-8346-618CE12D9E55}"
EndProject
Project("{2150E333-8FDC-42A3-9474-1A3956D46DE8}") = "Testing", "Testing", "{73087FBC-D5F4-4B2C-8D6C-8646C20C5B0A}"
EndProject
Project("{9A19103F-16F7-4668-BE54-9A1E7A4F7556}") = "NoteApp.UnitTests", "Testing\NoteApp.UnitTests\NoteApp.UnitTests.csproj", "{F1EBF869-0388-494A-914B-4D2189FD215B}"
EndProject
Project("{FAE04EC0-301F-11D3-BF4B-00C04F79EFBC}") = "Installer", "Installer\Installer.csproj", "{AB64124E-4958-4173-80E4-703C0550019E}"
EndProject
Project("{2150E333-8FDC-42A3-9474-1A3956D46DE8}") = "InstallScripts", "InstallScripts", "{7C850EFC-0E71-4771-8CE4-CDD4B67DDB91}"
	ProjectSection(SolutionItems) = preProject
		installer.iss = installer.iss
	EndProjectSection
EndProject
Global
	GlobalSection(SolutionConfigurationPlatforms) = preSolution
		Debug|Any CPU = Debug|Any CPU
		Release|Any CPU = Release|Any CPU
	EndGlobalSection
	GlobalSection(ProjectConfigurationPlatforms) = postSolution
		{1C669038-2C93-46A0-9287-145B51425BC7}.Debug|Any CPU.ActiveCfg = Debug|Any CPU
		{1C669038-2C93-46A0-9287-145B51425BC7}.Debug|Any CPU.Build.0 = Debug|Any CPU
		{1C669038-2C93-46A0-9287-145B51425BC7}.Release|Any CPU.ActiveCfg = Release|Any CPU
		{1C669038-2C93-46A0-9287-145B51425BC7}.Release|Any CPU.Build.0 = Release|Any CPU
		{75CEC626-5953-47CE-8346-618CE12D9E55}.Debug|Any CPU.ActiveCfg = Debug|Any CPU
		{75CEC626-5953-47CE-8346-618CE12D9E55}.Debug|Any CPU.Build.0 = Debug|Any CPU
		{75CEC626-5953-47CE-8346-618CE12D9E55}.Release|Any CPU.ActiveCfg = Release|Any CPU
		{75CEC626-5953-47CE-8346-618CE12D9E55}.Release|Any CPU.Build.0 = Release|Any CPU
		{F1EBF869-0388-494A-914B-4D2189FD215B}.Debug|Any CPU.ActiveCfg = Debug|Any CPU
		{F1EBF869-0388-494A-914B-4D2189FD215B}.Debug|Any CPU.Build.0 = Debug|Any CPU
		{F1EBF869-0388-494A-914B-4D2189FD215B}.Release|Any CPU.ActiveCfg = Release|Any CPU
		{F1EBF869-0388-494A-914B-4D2189FD215B}.Release|Any CPU.Build.0 = Release|Any CPU
		{AB64124E-4958-4173-80E4-703C0550019E}.Debug|Any CPU.ActiveCfg = Debug|Any CPU
		{AB64124E-4958-4173-80E4-703C0550019E}.Debug|Any CPU.Build.0 = Debug|Any CPU
		{AB64124E-4958-4173-80E4-703C0550019E}.Release|Any CPU.ActiveCfg = Release|Any CPU
		{AB64124E-4958-4173-80E4-703C0550019E}.Release|Any CPU.Build.0 = Release|Any CPU
	EndGlobalSection
	GlobalSection(SolutionProperties) = preSolution
		HideSolutionNode = FALSE
	EndGlobalSection
	GlobalSection(NestedProjects) = preSolution
		{F1EBF869-0388-494A-914B-4D2189FD215B} = {73087FBC-D5F4-4B2C-8D6C-8646C20C5B0A}
	EndGlobalSection
	GlobalSection(ExtensibilityGlobals) = postSolution
		SolutionGuid = {F445692F-333B-4446-B6CC-84BD16418953}
	EndGlobalSection
EndGlobal
